
Microsoft Visual Studio Solution File, Format Version 12.00
# Visual Studio Version 17
VisualStudioVersion = 17.10.35122.118
MinimumVisualStudioVersion = 10.0.40219.1
Project("{FAE04EC0-301F-11D3-BF4B-00C04F79EFBC}") = "Blackjack-Trainer", "Blackjack-Trainer.csproj", "{CA347341-4E97-4D3D-BCA2-2D59757DCF0F}"
EndProject
Global
	GlobalSection(SolutionConfigurationPlatforms) = preSolution
		Debug|Any CPU = Debug|Any CPU
		Release|Any CPU = Release|Any CPU
	EndGlobalSection
	GlobalSection(ProjectConfigurationPlatforms) = postSolution
		{CA347341-4E97-4D3D-BCA2-2D59757DCF0F}.Debug|Any CPU.ActiveCfg = Debug|Any CPU
		{CA347341-4E97-4D3D-BCA2-2D59757DCF0F}.Debug|Any CPU.Build.0 = Debug|Any CPU
		{CA347341-4E97-4D3D-BCA2-2D59757DCF0F}.Release|Any CPU.ActiveCfg = Release|Any CPU
		{CA347341-4E97-4D3D-BCA2-2D59757DCF0F}.Release|Any CPU.Build.0 = Release|Any CPU
	EndGlobalSection
	GlobalSection(SolutionProperties) = preSolution
		HideSolutionNode = FALSE
	EndGlobalSection
	GlobalSection(ExtensibilityGlobals) = postSolution
		SolutionGuid = {DD643EDA-3B5B-4E0E-9B2A-7B569BEA3050}
	EndGlobalSection
EndGlobal
